
Microsoft Visual Studio Solution File, Format Version 12.00
# Visual Studio 15
VisualStudioVersion = 15.0.27130.2026
MinimumVisualStudioVersion = 10.0.40219.1
Project("{FAE04EC0-301F-11D3-BF4B-00C04F79EFBC}") = "BurnIn", "BurnIn\BurnIn.csproj", "{79C10526-D3CE-41CC-905B-2BF13A81C2FD}"
EndProject
Global
	GlobalSection(SolutionConfigurationPlatforms) = preSolution
		Debug|Any CPU = Debug|Any CPU
		Release|Any CPU = Release|Any CPU
	EndGlobalSection
	GlobalSection(ProjectConfigurationPlatforms) = postSolution
		{79C10526-D3CE-41CC-905B-2BF13A81C2FD}.Debug|Any CPU.ActiveCfg = Debug|Any CPU
		{79C10526-D3CE-41CC-905B-2BF13A81C2FD}.Debug|Any CPU.Build.0 = Debug|Any CPU
		{79C10526-D3CE-41CC-905B-2BF13A81C2FD}.Release|Any CPU.ActiveCfg = Release|Any CPU
		{79C10526-D3CE-41CC-905B-2BF13A81C2FD}.Release|Any CPU.Build.0 = Release|Any CPU
	EndGlobalSection
	GlobalSection(SolutionProperties) = preSolution
		HideSolutionNode = FALSE
	EndGlobalSection
	GlobalSection(ExtensibilityGlobals) = postSolution
		SolutionGuid = {80E2B653-4997-40C9-B401-93B6F79AE9E9}
	EndGlobalSection
EndGlobal
